
Microsoft Visual Studio Solution File, Format Version 12.00
# Visual Studio Version 17
VisualStudioVersion = 17.4.33205.214
MinimumVisualStudioVersion = 10.0.40219.1
Project("{9A19103F-16F7-4668-BE54-9A1E7A4F7556}") = "Lab1 - Ring collection", "Lab1 - Ring collection.csproj", "{CDD6697F-5A4C-41E6-A09F-37512F923E7F}"
EndProject
Project("{FAE04EC0-301F-11D3-BF4B-00C04F79EFBC}") = "Lab2_CircularLinkedList_Tests", "..\Lab2_CircularLinkedList_Tests\Lab2_CircularLinkedList_Tests.csproj", "{9E0EFB4D-45F4-499D-9A30-5283603C8357}"
EndProject
Global
	GlobalSection(SolutionConfigurationPlatforms) = preSolution
		Debug|Any CPU = Debug|Any CPU
		Release|Any CPU = Release|Any CPU
	EndGlobalSection
	GlobalSection(ProjectConfigurationPlatforms) = postSolution
		{CDD6697F-5A4C-41E6-A09F-37512F923E7F}.Debug|Any CPU.ActiveCfg = Debug|Any CPU
		{CDD6697F-5A4C-41E6-A09F-37512F923E7F}.Debug|Any CPU.Build.0 = Debug|Any CPU
		{CDD6697F-5A4C-41E6-A09F-37512F923E7F}.Release|Any CPU.ActiveCfg = Release|Any CPU
		{CDD6697F-5A4C-41E6-A09F-37512F923E7F}.Release|Any CPU.Build.0 = Release|Any CPU
		{9E0EFB4D-45F4-499D-9A30-5283603C8357}.Debug|Any CPU.ActiveCfg = Debug|Any CPU
		{9E0EFB4D-45F4-499D-9A30-5283603C8357}.Debug|Any CPU.Build.0 = Debug|Any CPU
		{9E0EFB4D-45F4-499D-9A30-5283603C8357}.Release|Any CPU.ActiveCfg = Release|Any CPU
		{9E0EFB4D-45F4-499D-9A30-5283603C8357}.Release|Any CPU.Build.0 = Release|Any CPU
	EndGlobalSection
	GlobalSection(SolutionProperties) = preSolution
		HideSolutionNode = FALSE
	EndGlobalSection
	GlobalSection(ExtensibilityGlobals) = postSolution
		SolutionGuid = {10F04448-7C70-4C4D-A90F-EE7A5208E364}
	EndGlobalSection
EndGlobal
